
Microsoft Visual Studio Solution File, Format Version 12.00
# Visual Studio Version 16
VisualStudioVersion = 16.0.30804.86
MinimumVisualStudioVersion = 10.0.40219.1
Project("{FAE04EC0-301F-11D3-BF4B-00C04F79EFBC}") = "AccessibilityQuiz_WinFormsNETFramework", "AccessibilityQuiz_WinFormsNETFramework\AccessibilityQuiz_WinFormsNETFramework.csproj", "{29E6A561-B120-4B7B-A21D-9F354EDFE931}"
EndProject
Project("{9A19103F-16F7-4668-BE54-9A1E7A4F7556}") = "AccessibilityQuiz_WinFormsNETCore", "AccessibilityDemo_WinFormsNETCore\AccessibilityQuiz_WinFormsNETCore.csproj", "{71635A64-0015-44C6-B539-C58D0485E659}"
EndProject
Global
	GlobalSection(SolutionConfigurationPlatforms) = preSolution
		Debug|Any CPU = Debug|Any CPU
		Release|Any CPU = Release|Any CPU
	EndGlobalSection
	GlobalSection(ProjectConfigurationPlatforms) = postSolution
		{29E6A561-B120-4B7B-A21D-9F354EDFE931}.Debug|Any CPU.ActiveCfg = Debug|Any CPU
		{29E6A561-B120-4B7B-A21D-9F354EDFE931}.Debug|Any CPU.Build.0 = Debug|Any CPU
		{29E6A561-B120-4B7B-A21D-9F354EDFE931}.Release|Any CPU.ActiveCfg = Release|Any CPU
		{29E6A561-B120-4B7B-A21D-9F354EDFE931}.Release|Any CPU.Build.0 = Release|Any CPU
		{71635A64-0015-44C6-B539-C58D0485E659}.Debug|Any CPU.ActiveCfg = Debug|Any CPU
		{71635A64-0015-44C6-B539-C58D0485E659}.Debug|Any CPU.Build.0 = Debug|Any CPU
		{71635A64-0015-44C6-B539-C58D0485E659}.Release|Any CPU.ActiveCfg = Release|Any CPU
		{71635A64-0015-44C6-B539-C58D0485E659}.Release|Any CPU.Build.0 = Release|Any CPU
	EndGlobalSection
	GlobalSection(SolutionProperties) = preSolution
		HideSolutionNode = FALSE
	EndGlobalSection
	GlobalSection(ExtensibilityGlobals) = postSolution
		SolutionGuid = {DC87D65A-814C-4FB9-A778-3A07BC332DDC}
	EndGlobalSection
EndGlobal
